
Microsoft Visual Studio Solution File, Format Version 12.00
# Visual Studio Version 17
VisualStudioVersion = 17.0.31903.59
MinimumVisualStudioVersion = 10.0.40219.1
Project("{2150E333-8FDC-42A3-9474-1A3956D46DE8}") = "src", "src", "{07E259ED-5706-49B2-AAFE-ACA4F46F6197}"
EndProject
Project("{FAE04EC0-301F-11D3-BF4B-00C04F79EFBC}") = "WebApi", "src\WebApi\WebApi.csproj", "{353D60F4-E488-423F-902D-98CAA54AFED9}"
EndProject
Project("{FAE04EC0-301F-11D3-BF4B-00C04F79EFBC}") = "DAL", "src\DAL\DAL.csproj", "{32074FD2-89CD-4095-B024-34AB5B9F95B1}"
EndProject
Global
	GlobalSection(SolutionConfigurationPlatforms) = preSolution
		Debug|Any CPU = Debug|Any CPU
		Release|Any CPU = Release|Any CPU
	EndGlobalSection
	GlobalSection(SolutionProperties) = preSolution
		HideSolutionNode = FALSE
	EndGlobalSection
	GlobalSection(ProjectConfigurationPlatforms) = postSolution
		{353D60F4-E488-423F-902D-98CAA54AFED9}.Debug|Any CPU.ActiveCfg = Debug|Any CPU
		{353D60F4-E488-423F-902D-98CAA54AFED9}.Debug|Any CPU.Build.0 = Debug|Any CPU
		{353D60F4-E488-423F-902D-98CAA54AFED9}.Release|Any CPU.ActiveCfg = Release|Any CPU
		{353D60F4-E488-423F-902D-98CAA54AFED9}.Release|Any CPU.Build.0 = Release|Any CPU
		{32074FD2-89CD-4095-B024-34AB5B9F95B1}.Debug|Any CPU.ActiveCfg = Debug|Any CPU
		{32074FD2-89CD-4095-B024-34AB5B9F95B1}.Debug|Any CPU.Build.0 = Debug|Any CPU
		{32074FD2-89CD-4095-B024-34AB5B9F95B1}.Release|Any CPU.ActiveCfg = Release|Any CPU
		{32074FD2-89CD-4095-B024-34AB5B9F95B1}.Release|Any CPU.Build.0 = Release|Any CPU
	EndGlobalSection
	GlobalSection(NestedProjects) = preSolution
		{353D60F4-E488-423F-902D-98CAA54AFED9} = {07E259ED-5706-49B2-AAFE-ACA4F46F6197}
		{32074FD2-89CD-4095-B024-34AB5B9F95B1} = {07E259ED-5706-49B2-AAFE-ACA4F46F6197}
	EndGlobalSection
EndGlobal
